
Microsoft Visual Studio Solution File, Format Version 12.00
Project("{FAE04EC0-301F-11D3-BF4B-00C04F79EFBC}") = "hw6", "hw6\hw6.csproj", "{A959E3E3-1114-4558-8782-4BB5FE45C442}"
EndProject
Global
	GlobalSection(SolutionConfigurationPlatforms) = preSolution
		Debug|Any CPU = Debug|Any CPU
		Release|Any CPU = Release|Any CPU
	EndGlobalSection
	GlobalSection(ProjectConfigurationPlatforms) = postSolution
		{A959E3E3-1114-4558-8782-4BB5FE45C442}.Debug|Any CPU.ActiveCfg = Debug|Any CPU
		{A959E3E3-1114-4558-8782-4BB5FE45C442}.Debug|Any CPU.Build.0 = Debug|Any CPU
		{A959E3E3-1114-4558-8782-4BB5FE45C442}.Release|Any CPU.ActiveCfg = Release|Any CPU
		{A959E3E3-1114-4558-8782-4BB5FE45C442}.Release|Any CPU.Build.0 = Release|Any CPU
	EndGlobalSection
EndGlobal
